{
    "_meta": {
        "hash": {
            "sha256": "3b7a0d8a17677b73391bd6935ab92f26b3b7ba006c81d43ad72e6fb36e699d49"
        },
        "host-environment-markers": {
            "implementation_name": "cpython",
            "implementation_version": "3.6.2",
            "os_name": "posix",
            "platform_machine": "x86_64",
            "platform_python_implementation": "CPython",
            "platform_release": "16.7.0",
            "platform_system": "Darwin",
            "platform_version": "Darwin Kernel Version 16.7.0: Thu Jun 15 17:36:27 PDT 2017; root:xnu-3789.70.16~2/RELEASE_X86_64",
            "python_full_version": "3.6.2",
            "python_version": "3.6",
            "sys_platform": "darwin"
        },
        "pipfile-spec": 2,
        "requires": {},
        "sources": [
            {
                "url": "https://pypi.python.org/simple",
                "verify_ssl": true
            }
        ]
    },
    "default": {
        "apipkg": {
            "version": "==1.4"
        },
        "execnet": {
            "version": "==1.4.1"
        },
        "hypothesis": {
            "version": "==3.24.1"
        },
        "pep8": {
            "version": "==1.7.0"
        },
        "py": {
            "version": "==1.4.34"
        },
        "pytest": {
            "version": "==3.2.2"
        },
        "pytest-cache": {
            "version": "==1.0"
        },
        "pytest-pep8": {
            "version": "==1.0.6"
        }
    },
    "develop": {}
}
