{
    "_meta": {
        "hash": {
            "sha256": "eb291b1aee5c4c7a75b66c28dfd66f6f8e05259ddccd6ee45f021a046aa38f0f"
        },
        "requires": {},
        "sources": [
            {
                "url": "https://pypi.python.org/simple",
                "verify_ssl": true
            }
        ]
    },
    "default": {
        "attrs": {
            "version": "==17.2.0"
        },
        "biopython": {
            "version": "==1.70"
        },
        "bitstring": {
            "version": "==3.1.5"
        },
        "numpy": {
            "version": "==1.13.3"
        }
    },
    "develop": {
        "attrs": {
            "version": "==17.2.0"
        },
        "certifi": {
            "version": "==2017.7.27.1"
        },
        "chardet": {
            "version": "==3.0.4"
        },
        "coverage": {
            "version": "==4.4.1"
        },
        "flake8": {
            "version": "==3.4.1"
        },
        "hypothesis": {
            "version": "==3.31.2"
        },
        "idna": {
            "version": "==2.6"
        },
        "mccabe": {
            "version": "==0.6.1"
        },
        "py": {
            "version": "==1.4.34"
        },
        "pycodestyle": {
            "version": "==2.3.1"
        },
        "pyflakes": {
            "version": "==1.5.0"
        },
        "pytest": {
            "version": "==3.2.2"
        },
        "pytest-cov": {
            "version": "==2.5.1"
        },
        "pytest-flake8": {
            "version": "==0.8.1"
        },
        "python-coveralls": {
            "version": "==2.9.1"
        },
        "pyyaml": {
            "version": "==3.12"
        },
        "requests": {
            "version": "==2.18.4"
        },
        "setuptools": {
            "version": "==36.5.0"
        },
        "six": {
            "version": "==1.11.0"
        },
        "urllib3": {
            "version": "==1.22"
        }
    }
}
